
Microsoft Visual Studio Solution File, Format Version 12.00
# Visual Studio Version 17
VisualStudioVersion = 17.0.31903.59
MinimumVisualStudioVersion = 10.0.40219.1
Project("{FAE04EC0-301F-11D3-BF4B-00C04F79EFBC}") = "Assembly.A", "Assembly.A\Assembly.A.csproj", "{EC15BC48-B1FF-42C0-8583-6A2811DEAC20}"
EndProject
Project("{FAE04EC0-301F-11D3-BF4B-00C04F79EFBC}") = "Assembly.B", "Assembly.B\Assembly.B.csproj", "{3CC5C839-50BD-477A-813A-E671D2DE4037}"
EndProject
Global
	GlobalSection(SolutionConfigurationPlatforms) = preSolution
		Debug|Any CPU = Debug|Any CPU
		Release|Any CPU = Release|Any CPU
	EndGlobalSection
	GlobalSection(ProjectConfigurationPlatforms) = postSolution
		{EC15BC48-B1FF-42C0-8583-6A2811DEAC20}.Debug|Any CPU.ActiveCfg = Debug|Any CPU
		{EC15BC48-B1FF-42C0-8583-6A2811DEAC20}.Debug|Any CPU.Build.0 = Debug|Any CPU
		{EC15BC48-B1FF-42C0-8583-6A2811DEAC20}.Release|Any CPU.ActiveCfg = Release|Any CPU
		{EC15BC48-B1FF-42C0-8583-6A2811DEAC20}.Release|Any CPU.Build.0 = Release|Any CPU
		{3CC5C839-50BD-477A-813A-E671D2DE4037}.Debug|Any CPU.ActiveCfg = Debug|Any CPU
		{3CC5C839-50BD-477A-813A-E671D2DE4037}.Debug|Any CPU.Build.0 = Debug|Any CPU
		{3CC5C839-50BD-477A-813A-E671D2DE4037}.Release|Any CPU.ActiveCfg = Release|Any CPU
		{3CC5C839-50BD-477A-813A-E671D2DE4037}.Release|Any CPU.Build.0 = Release|Any CPU
	EndGlobalSection
	GlobalSection(SolutionProperties) = preSolution
		HideSolutionNode = FALSE
	EndGlobalSection
	GlobalSection(ExtensibilityGlobals) = postSolution
		SolutionGuid = {045CC2DD-FBDF-4AC4-9E0D-EB1B33D2CEE7}
	EndGlobalSection
EndGlobal
